
Microsoft Visual Studio Solution File, Format Version 12.00
# Visual Studio Version 17
VisualStudioVersion = 17.1.32421.90
MinimumVisualStudioVersion = 10.0.40219.1
Project("{FAE04EC0-301F-11D3-BF4B-00C04F79EFBC}") = "ConsoleApp1", "ConsoleApp1\ConsoleApp1.csproj", "{93AB4AAB-5280-4BE8-B512-688B01E7F724}"
EndProject
Project("{FAE04EC0-301F-11D3-BF4B-00C04F79EFBC}") = "UnitTestProject", "UnitTestProject\UnitTestProject.csproj", "{D6601850-60CC-4E20-B57D-263EFB865D0E}"
EndProject
Global
	GlobalSection(SolutionConfigurationPlatforms) = preSolution
		Debug|Any CPU = Debug|Any CPU
		Release|Any CPU = Release|Any CPU
	EndGlobalSection
	GlobalSection(ProjectConfigurationPlatforms) = postSolution
		{93AB4AAB-5280-4BE8-B512-688B01E7F724}.Debug|Any CPU.ActiveCfg = Debug|Any CPU
		{93AB4AAB-5280-4BE8-B512-688B01E7F724}.Debug|Any CPU.Build.0 = Debug|Any CPU
		{93AB4AAB-5280-4BE8-B512-688B01E7F724}.Release|Any CPU.ActiveCfg = Release|Any CPU
		{93AB4AAB-5280-4BE8-B512-688B01E7F724}.Release|Any CPU.Build.0 = Release|Any CPU
		{D6601850-60CC-4E20-B57D-263EFB865D0E}.Debug|Any CPU.ActiveCfg = Debug|Any CPU
		{D6601850-60CC-4E20-B57D-263EFB865D0E}.Debug|Any CPU.Build.0 = Debug|Any CPU
		{D6601850-60CC-4E20-B57D-263EFB865D0E}.Release|Any CPU.ActiveCfg = Release|Any CPU
		{D6601850-60CC-4E20-B57D-263EFB865D0E}.Release|Any CPU.Build.0 = Release|Any CPU
	EndGlobalSection
	GlobalSection(SolutionProperties) = preSolution
		HideSolutionNode = FALSE
	EndGlobalSection
	GlobalSection(ExtensibilityGlobals) = postSolution
		SolutionGuid = {BDD0012D-9C74-4CFB-AC79-97236B2A72EC}
	EndGlobalSection
EndGlobal
